
Microsoft Visual Studio Solution File, Format Version 12.00
# Visual Studio Version 17
VisualStudioVersion = 17.14.36221.1 d17.14
MinimumVisualStudioVersion = 10.0.40219.1
Project("{FAE04EC0-301F-11D3-BF4B-00C04F79EFBC}") = "Gonzales_COConstructorUserInput", "Gonzales_COConstructorUserInput\Gonzales_COConstructorUserInput.csproj", "{448D52EE-0D7A-479C-9BE0-56659E0DEC1B}"
EndProject
Global
	GlobalSection(SolutionConfigurationPlatforms) = preSolution
		Debug|Any CPU = Debug|Any CPU
		Release|Any CPU = Release|Any CPU
	EndGlobalSection
	GlobalSection(ProjectConfigurationPlatforms) = postSolution
		{448D52EE-0D7A-479C-9BE0-56659E0DEC1B}.Debug|Any CPU.ActiveCfg = Debug|Any CPU
		{448D52EE-0D7A-479C-9BE0-56659E0DEC1B}.Debug|Any CPU.Build.0 = Debug|Any CPU
		{448D52EE-0D7A-479C-9BE0-56659E0DEC1B}.Release|Any CPU.ActiveCfg = Release|Any CPU
		{448D52EE-0D7A-479C-9BE0-56659E0DEC1B}.Release|Any CPU.Build.0 = Release|Any CPU
	EndGlobalSection
	GlobalSection(SolutionProperties) = preSolution
		HideSolutionNode = FALSE
	EndGlobalSection
	GlobalSection(ExtensibilityGlobals) = postSolution
		SolutionGuid = {5993D682-C816-41C0-BF67-77081D96915A}
	EndGlobalSection
EndGlobal
