
Microsoft Visual Studio Solution File, Format Version 12.00
# Visual Studio Version 17
VisualStudioVersion = 17.14.36221.1 d17.14
MinimumVisualStudioVersion = 10.0.40219.1
Project("{FAE04EC0-301F-11D3-BF4B-00C04F79EFBC}") = "Gonzales_CaO", "Gonzales_CaO\Gonzales_CaO.csproj", "{CFD47286-8C8F-4E87-BC26-D12D6AF8656F}"
EndProject
Global
	GlobalSection(SolutionConfigurationPlatforms) = preSolution
		Debug|Any CPU = Debug|Any CPU
		Release|Any CPU = Release|Any CPU
	EndGlobalSection
	GlobalSection(ProjectConfigurationPlatforms) = postSolution
		{CFD47286-8C8F-4E87-BC26-D12D6AF8656F}.Debug|Any CPU.ActiveCfg = Debug|Any CPU
		{CFD47286-8C8F-4E87-BC26-D12D6AF8656F}.Debug|Any CPU.Build.0 = Debug|Any CPU
		{CFD47286-8C8F-4E87-BC26-D12D6AF8656F}.Release|Any CPU.ActiveCfg = Release|Any CPU
		{CFD47286-8C8F-4E87-BC26-D12D6AF8656F}.Release|Any CPU.Build.0 = Release|Any CPU
	EndGlobalSection
	GlobalSection(SolutionProperties) = preSolution
		HideSolutionNode = FALSE
	EndGlobalSection
	GlobalSection(ExtensibilityGlobals) = postSolution
		SolutionGuid = {CE082B51-A164-4D39-9181-CE2E3C73ABBC}
	EndGlobalSection
EndGlobal
