
Microsoft Visual Studio Solution File, Format Version 12.00
# Visual Studio Version 17
VisualStudioVersion = 17.14.36221.1 d17.14
MinimumVisualStudioVersion = 10.0.40219.1
Project("{FAE04EC0-301F-11D3-BF4B-00C04F79EFBC}") = "Gonzales_PropertiesAndEncapsulation", "Gonzales_PropertiesAndEncapsulation\Gonzales_PropertiesAndEncapsulation.csproj", "{EC404CC8-E91D-4242-8625-5E3F82AA6A30}"
EndProject
Global
	GlobalSection(SolutionConfigurationPlatforms) = preSolution
		Debug|Any CPU = Debug|Any CPU
		Release|Any CPU = Release|Any CPU
	EndGlobalSection
	GlobalSection(ProjectConfigurationPlatforms) = postSolution
		{EC404CC8-E91D-4242-8625-5E3F82AA6A30}.Debug|Any CPU.ActiveCfg = Debug|Any CPU
		{EC404CC8-E91D-4242-8625-5E3F82AA6A30}.Debug|Any CPU.Build.0 = Debug|Any CPU
		{EC404CC8-E91D-4242-8625-5E3F82AA6A30}.Release|Any CPU.ActiveCfg = Release|Any CPU
		{EC404CC8-E91D-4242-8625-5E3F82AA6A30}.Release|Any CPU.Build.0 = Release|Any CPU
	EndGlobalSection
	GlobalSection(SolutionProperties) = preSolution
		HideSolutionNode = FALSE
	EndGlobalSection
	GlobalSection(ExtensibilityGlobals) = postSolution
		SolutionGuid = {513FE484-9E04-450F-A63F-7429B703E84D}
	EndGlobalSection
EndGlobal
